// !$*UTF8*$!
{
	archiveVersion = 1;
	classes = {
	};
	objectVersion = 46;
	objects = {

/* Begin PBXBuildFile section */
		4D0E151A1EC34AB9004FF958 /* DiscreteEvent.cpp in Sources */ = {isa = PBXBuildFile; fileRef = 4D0E15171EC34AB9004FF958 /* DiscreteEvent.cpp */; };
		4D0E151B1EC34AB9004FF958 /* ContinuousEvent.cpp in Sources */ = {isa = PBXBuildFile; fileRef = 4D0E15181EC34AB9004FF958 /* ContinuousEvent.cpp */; };
		4D0E151C1EC34AB9004FF958 /* Event.cpp in Sources */ = {isa = PBXBuildFile; fileRef = 4D0E15191EC34AB9004FF958 /* Event.cpp */; };
		4D7CEE8E1EC1892000427CB6 /* makefile in Sources */ = {isa = PBXBuildFile; fileRef = 4D7CEE8D1EC1892000427CB6 /* makefile */; };
		4D7CEE911EC1B72E00427CB6 /* Log.cpp in Sources */ = {isa = PBXBuildFile; fileRef = 4D7CEE8F1EC1B72E00427CB6 /* Log.cpp */; };
		4DD8F17E1EBF176F005C2607 /* IDS.cpp in Sources */ = {isa = PBXBuildFile; fileRef = 4DD8F17C1EBF176F005C2607 /* IDS.cpp */; };
		4DD8F1871EBF6843005C2607 /* Stat.cpp in Sources */ = {isa = PBXBuildFile; fileRef = 4DD8F1851EBF6843005C2607 /* Stat.cpp */; };
/* End PBXBuildFile section */

/* Begin PBXCopyFilesBuildPhase section */
		4DD8F1701EBF172A005C2607 /* CopyFiles */ = {
			isa = PBXCopyFilesBuildPhase;
			buildActionMask = 2147483647;
			dstPath = /usr/share/man/man1/;
			dstSubfolderSpec = 0;
			files = (
			);
			runOnlyForDeploymentPostprocessing = 1;
		};
/* End PBXCopyFilesBuildPhase section */

/* Begin PBXFileReference section */
		4D0E15141EC34AB9004FF958 /* Event.hpp */ = {isa = PBXFileReference; fileEncoding = 4; lastKnownFileType = sourcecode.cpp.h; name = Event.hpp; path = src/Event.hpp; sourceTree = "<group>"; };
		4D0E15151EC34AB9004FF958 /* ContinuousEvent.hpp */ = {isa = PBXFileReference; fileEncoding = 4; lastKnownFileType = sourcecode.cpp.h; name = ContinuousEvent.hpp; path = src/ContinuousEvent.hpp; sourceTree = "<group>"; };
		4D0E15161EC34AB9004FF958 /* DiscreteEvent.hpp */ = {isa = PBXFileReference; fileEncoding = 4; lastKnownFileType = sourcecode.cpp.h; name = DiscreteEvent.hpp; path = src/DiscreteEvent.hpp; sourceTree = "<group>"; };
		4D0E15171EC34AB9004FF958 /* DiscreteEvent.cpp */ = {isa = PBXFileReference; fileEncoding = 4; lastKnownFileType = sourcecode.cpp.cpp; name = DiscreteEvent.cpp; path = src/DiscreteEvent.cpp; sourceTree = "<group>"; };
		4D0E15181EC34AB9004FF958 /* ContinuousEvent.cpp */ = {isa = PBXFileReference; fileEncoding = 4; lastKnownFileType = sourcecode.cpp.cpp; name = ContinuousEvent.cpp; path = src/ContinuousEvent.cpp; sourceTree = "<group>"; };
		4D0E15191EC34AB9004FF958 /* Event.cpp */ = {isa = PBXFileReference; fileEncoding = 4; lastKnownFileType = sourcecode.cpp.cpp; name = Event.cpp; path = src/Event.cpp; sourceTree = "<group>"; };
		4D7CEE8A1EC1879F00427CB6 /* Events.txt */ = {isa = PBXFileReference; fileEncoding = 4; lastKnownFileType = text; name = Events.txt; path = src/Events.txt; sourceTree = "<group>"; };
		4D7CEE8C1EC1885C00427CB6 /* Stats.txt */ = {isa = PBXFileReference; fileEncoding = 4; lastKnownFileType = text; name = Stats.txt; path = src/Stats.txt; sourceTree = "<group>"; };
		4D7CEE8D1EC1892000427CB6 /* makefile */ = {isa = PBXFileReference; fileEncoding = 4; lastKnownFileType = sourcecode.make; name = makefile; path = src/makefile; sourceTree = "<group>"; };
		4D7CEE8F1EC1B72E00427CB6 /* Log.cpp */ = {isa = PBXFileReference; fileEncoding = 4; lastKnownFileType = sourcecode.cpp.cpp; name = Log.cpp; path = src/Log.cpp; sourceTree = "<group>"; };
		4D7CEE901EC1B72E00427CB6 /* Log.hpp */ = {isa = PBXFileReference; fileEncoding = 4; lastKnownFileType = sourcecode.cpp.h; name = Log.hpp; path = src/Log.hpp; sourceTree = "<group>"; };
		4DC16D4D1ECEF29500D1DC03 /* Report - Assignment 01.docx */ = {isa = PBXFileReference; lastKnownFileType = file; name = "Report - Assignment 01.docx"; path = "src/Report - Assignment 01.docx"; sourceTree = "<group>"; };
		4DD8F1721EBF172A005C2607 /* Assignment 03 */ = {isa = PBXFileReference; explicitFileType = "compiled.mach-o.executable"; includeInIndex = 0; path = "Assignment 03"; sourceTree = BUILT_PRODUCTS_DIR; };
		4DD8F17C1EBF176F005C2607 /* IDS.cpp */ = {isa = PBXFileReference; fileEncoding = 4; lastKnownFileType = sourcecode.cpp.cpp; name = IDS.cpp; path = src/IDS.cpp; sourceTree = "<group>"; };
		4DD8F17D1EBF176F005C2607 /* IDS.hpp */ = {isa = PBXFileReference; fileEncoding = 4; lastKnownFileType = sourcecode.cpp.h; name = IDS.hpp; path = src/IDS.hpp; sourceTree = "<group>"; };
		4DD8F17F1EBF1A76005C2607 /* Assignment Brief.pdf */ = {isa = PBXFileReference; lastKnownFileType = image.pdf; path = "Assignment Brief.pdf"; sourceTree = "<group>"; };
		4DD8F1851EBF6843005C2607 /* Stat.cpp */ = {isa = PBXFileReference; fileEncoding = 4; lastKnownFileType = sourcecode.cpp.cpp; name = Stat.cpp; path = src/Stat.cpp; sourceTree = "<group>"; };
		4DD8F1861EBF6843005C2607 /* Stat.hpp */ = {isa = PBXFileReference; fileEncoding = 4; lastKnownFileType = sourcecode.cpp.h; name = Stat.hpp; path = src/Stat.hpp; sourceTree = "<group>"; };
/* End PBXFileReference section */

/* Begin PBXFrameworksBuildPhase section */
		4DD8F16F1EBF172A005C2607 /* Frameworks */ = {
			isa = PBXFrameworksBuildPhase;
			buildActionMask = 2147483647;
			files = (
			);
			runOnlyForDeploymentPostprocessing = 0;
		};
/* End PBXFrameworksBuildPhase section */

/* Begin PBXGroup section */
		4DD8F1691EBF172A005C2607 = {
			isa = PBXGroup;
			children = (
				4DD8F1741EBF172A005C2607 /* Assignment 03 */,
				4DD8F1731EBF172A005C2607 /* Products */,
			);
			sourceTree = "<group>";
		};
		4DD8F1731EBF172A005C2607 /* Products */ = {
			isa = PBXGroup;
			children = (
				4DD8F1721EBF172A005C2607 /* Assignment 03 */,
			);
			name = Products;
			sourceTree = "<group>";
		};
		4DD8F1741EBF172A005C2607 /* Assignment 03 */ = {
			isa = PBXGroup;
			children = (
				4D7CEE8D1EC1892000427CB6 /* makefile */,
				4D0E15181EC34AB9004FF958 /* ContinuousEvent.cpp */,
				4D0E15171EC34AB9004FF958 /* DiscreteEvent.cpp */,
				4D0E15191EC34AB9004FF958 /* Event.cpp */,
				4DD8F17C1EBF176F005C2607 /* IDS.cpp */,
				4D7CEE8F1EC1B72E00427CB6 /* Log.cpp */,
				4DD8F1851EBF6843005C2607 /* Stat.cpp */,
				4DD8F1811EBF1A88005C2607 /* Headers */,
				4DD8F1801EBF1A7C005C2607 /* References */,
			);
			path = "Assignment 03";
			sourceTree = "<group>";
		};
		4DD8F1801EBF1A7C005C2607 /* References */ = {
			isa = PBXGroup;
			children = (
				4DC16D4D1ECEF29500D1DC03 /* Report - Assignment 01.docx */,
				4D7CEE8A1EC1879F00427CB6 /* Events.txt */,
				4D7CEE8C1EC1885C00427CB6 /* Stats.txt */,
				4DD8F17F1EBF1A76005C2607 /* Assignment Brief.pdf */,
			);
			name = References;
			sourceTree = "<group>";
		};
		4DD8F1811EBF1A88005C2607 /* Headers */ = {
			isa = PBXGroup;
			children = (
				4D0E15141EC34AB9004FF958 /* Event.hpp */,
				4D0E15151EC34AB9004FF958 /* ContinuousEvent.hpp */,
				4D0E15161EC34AB9004FF958 /* DiscreteEvent.hpp */,
				4D7CEE901EC1B72E00427CB6 /* Log.hpp */,
				4DD8F17D1EBF176F005C2607 /* IDS.hpp */,
				4DD8F1861EBF6843005C2607 /* Stat.hpp */,
			);
			name = Headers;
			sourceTree = "<group>";
		};
/* End PBXGroup section */

/* Begin PBXNativeTarget section */
		4DD8F1711EBF172A005C2607 /* Assignment 03 */ = {
			isa = PBXNativeTarget;
			buildConfigurationList = 4DD8F1791EBF172B005C2607 /* Build configuration list for PBXNativeTarget "Assignment 03" */;
			buildPhases = (
				4DD8F16E1EBF172A005C2607 /* Sources */,
				4DD8F16F1EBF172A005C2607 /* Frameworks */,
				4DD8F1701EBF172A005C2607 /* CopyFiles */,
			);
			buildRules = (
			);
			dependencies = (
			);
			name = "Assignment 03";
			productName = "Assignment 03";
			productReference = 4DD8F1721EBF172A005C2607 /* Assignment 03 */;
			productType = "com.apple.product-type.tool";
		};
/* End PBXNativeTarget section */

/* Begin PBXProject section */
		4DD8F16A1EBF172A005C2607 /* Project object */ = {
			isa = PBXProject;
			attributes = {
				LastUpgradeCheck = 0830;
				ORGANIZATIONNAME = "Juicy Apps";
				TargetAttributes = {
					4DD8F1711EBF172A005C2607 = {
						CreatedOnToolsVersion = 8.3.2;
						DevelopmentTeam = 7BVHDC9NJC;
						ProvisioningStyle = Automatic;
					};
				};
			};
			buildConfigurationList = 4DD8F16D1EBF172A005C2607 /* Build configuration list for PBXProject "Assignment 03" */;
			compatibilityVersion = "Xcode 3.2";
			developmentRegion = English;
			hasScannedForEncodings = 0;
			knownRegions = (
				en,
			);
			mainGroup = 4DD8F1691EBF172A005C2607;
			productRefGroup = 4DD8F1731EBF172A005C2607 /* Products */;
			projectDirPath = "";
			projectRoot = "";
			targets = (
				4DD8F1711EBF172A005C2607 /* Assignment 03 */,
			);
		};
/* End PBXProject section */

/* Begin PBXSourcesBuildPhase section */
		4DD8F16E1EBF172A005C2607 /* Sources */ = {
			isa = PBXSourcesBuildPhase;
			buildActionMask = 2147483647;
			files = (
				4D0E151A1EC34AB9004FF958 /* DiscreteEvent.cpp in Sources */,
				4D0E151C1EC34AB9004FF958 /* Event.cpp in Sources */,
				4D0E151B1EC34AB9004FF958 /* ContinuousEvent.cpp in Sources */,
				4DD8F1871EBF6843005C2607 /* Stat.cpp in Sources */,
				4D7CEE911EC1B72E00427CB6 /* Log.cpp in Sources */,
				4D7CEE8E1EC1892000427CB6 /* makefile in Sources */,
				4DD8F17E1EBF176F005C2607 /* IDS.cpp in Sources */,
			);
			runOnlyForDeploymentPostprocessing = 0;
		};
/* End PBXSourcesBuildPhase section */

/* Begin XCBuildConfiguration section */
		4DD8F1771EBF172B005C2607 /* Debug */ = {
			isa = XCBuildConfiguration;
			buildSettings = {
				ALWAYS_SEARCH_USER_PATHS = NO;
				CLANG_ANALYZER_NONNULL = YES;
				CLANG_ANALYZER_NUMBER_OBJECT_CONVERSION = YES_AGGRESSIVE;
				CLANG_CXX_LANGUAGE_STANDARD = "gnu++0x";
				CLANG_CXX_LIBRARY = "libc++";
				CLANG_ENABLE_MODULES = YES;
				CLANG_ENABLE_OBJC_ARC = YES;
				CLANG_WARN_BOOL_CONVERSION = YES;
				CLANG_WARN_CONSTANT_CONVERSION = YES;
				CLANG_WARN_DIRECT_OBJC_ISA_USAGE = YES_ERROR;
				CLANG_WARN_DOCUMENTATION_COMMENTS = YES;
				CLANG_WARN_EMPTY_BODY = YES;
				CLANG_WARN_ENUM_CONVERSION = YES;
				CLANG_WARN_INFINITE_RECURSION = YES;
				CLANG_WARN_INT_CONVERSION = YES;
				CLANG_WARN_OBJC_ROOT_CLASS = YES_ERROR;
				CLANG_WARN_SUSPICIOUS_MOVE = YES;
				CLANG_WARN_UNREACHABLE_CODE = YES;
				CLANG_WARN__DUPLICATE_METHOD_MATCH = YES;
				CODE_SIGN_IDENTITY = "-";
				COPY_PHASE_STRIP = NO;
				DEBUG_INFORMATION_FORMAT = dwarf;
				ENABLE_STRICT_OBJC_MSGSEND = YES;
				ENABLE_TESTABILITY = YES;
				GCC_C_LANGUAGE_STANDARD = gnu99;
				GCC_DYNAMIC_NO_PIC = NO;
				GCC_NO_COMMON_BLOCKS = YES;
				GCC_OPTIMIZATION_LEVEL = 0;
				GCC_PREPROCESSOR_DEFINITIONS = (
					"DEBUG=1",
					"$(inherited)",
				);
				GCC_WARN_64_TO_32_BIT_CONVERSION = YES;
				GCC_WARN_ABOUT_RETURN_TYPE = YES_ERROR;
				GCC_WARN_UNDECLARED_SELECTOR = YES;
				GCC_WARN_UNINITIALIZED_AUTOS = YES_AGGRESSIVE;
				GCC_WARN_UNUSED_FUNCTION = YES;
				GCC_WARN_UNUSED_VARIABLE = YES;
				MACOSX_DEPLOYMENT_TARGET = 10.12;
				MTL_ENABLE_DEBUG_INFO = YES;
				ONLY_ACTIVE_ARCH = YES;
				SDKROOT = macosx;
			};
			name = Debug;
		};
		4DD8F1781EBF172B005C2607 /* Release */ = {
			isa = XCBuildConfiguration;
			buildSettings = {
				ALWAYS_SEARCH_USER_PATHS = NO;
				CLANG_ANALYZER_NONNULL = YES;
				CLANG_ANALYZER_NUMBER_OBJECT_CONVERSION = YES_AGGRESSIVE;
				CLANG_CXX_LANGUAGE_STANDARD = "gnu++0x";
				CLANG_CXX_LIBRARY = "libc++";
				CLANG_ENABLE_MODULES = YES;
				CLANG_ENABLE_OBJC_ARC = YES;
				CLANG_WARN_BOOL_CONVERSION = YES;
				CLANG_WARN_CONSTANT_CONVERSION = YES;
				CLANG_WARN_DIRECT_OBJC_ISA_USAGE = YES_ERROR;
				CLANG_WARN_DOCUMENTATION_COMMENTS = YES;
				CLANG_WARN_EMPTY_BODY = YES;
				CLANG_WARN_ENUM_CONVERSION = YES;
				CLANG_WARN_INFINITE_RECURSION = YES;
				CLANG_WARN_INT_CONVERSION = YES;
				CLANG_WARN_OBJC_ROOT_CLASS = YES_ERROR;
				CLANG_WARN_SUSPICIOUS_MOVE = YES;
				CLANG_WARN_UNREACHABLE_CODE = YES;
				CLANG_WARN__DUPLICATE_METHOD_MATCH = YES;
				CODE_SIGN_IDENTITY = "-";
				COPY_PHASE_STRIP = NO;
				DEBUG_INFORMATION_FORMAT = "dwarf-with-dsym";
				ENABLE_NS_ASSERTIONS = NO;
				ENABLE_STRICT_OBJC_MSGSEND = YES;
				GCC_C_LANGUAGE_STANDARD = gnu99;
				GCC_NO_COMMON_BLOCKS = YES;
				GCC_WARN_64_TO_32_BIT_CONVERSION = YES;
				GCC_WARN_ABOUT_RETURN_TYPE = YES_ERROR;
				GCC_WARN_UNDECLARED_SELECTOR = YES;
				GCC_WARN_UNINITIALIZED_AUTOS = YES_AGGRESSIVE;
				GCC_WARN_UNUSED_FUNCTION = YES;
				GCC_WARN_UNUSED_VARIABLE = YES;
				MACOSX_DEPLOYMENT_TARGET = 10.12;
				MTL_ENABLE_DEBUG_INFO = NO;
				SDKROOT = macosx;
			};
			name = Release;
		};
		4DD8F17A1EBF172B005C2607 /* Debug */ = {
			isa = XCBuildConfiguration;
			buildSettings = {
				DEVELOPMENT_TEAM = 7BVHDC9NJC;
				PRODUCT_NAME = "$(TARGET_NAME)";
			};
			name = Debug;
		};
		4DD8F17B1EBF172B005C2607 /* Release */ = {
			isa = XCBuildConfiguration;
			buildSettings = {
				DEVELOPMENT_TEAM = 7BVHDC9NJC;
				PRODUCT_NAME = "$(TARGET_NAME)";
			};
			name = Release;
		};
/* End XCBuildConfiguration section */

/* Begin XCConfigurationList section */
		4DD8F16D1EBF172A005C2607 /* Build configuration list for PBXProject "Assignment 03" */ = {
			isa = XCConfigurationList;
			buildConfigurations = (
				4DD8F1771EBF172B005C2607 /* Debug */,
				4DD8F1781EBF172B005C2607 /* Release */,
			);
			defaultConfigurationIsVisible = 0;
			defaultConfigurationName = Release;
		};
		4DD8F1791EBF172B005C2607 /* Build configuration list for PBXNativeTarget "Assignment 03" */ = {
			isa = XCConfigurationList;
			buildConfigurations = (
				4DD8F17A1EBF172B005C2607 /* Debug */,
				4DD8F17B1EBF172B005C2607 /* Release */,
			);
			defaultConfigurationIsVisible = 0;
			defaultConfigurationName = Release;
		};
/* End XCConfigurationList section */
	};
	rootObject = 4DD8F16A1EBF172A005C2607 /* Project object */;
}
